
Microsoft Visual Studio Solution File, Format Version 12.00
# Visual Studio Version 17
VisualStudioVersion = 17.11.35303.130
MinimumVisualStudioVersion = 10.0.40219.1
Project("{9A19103F-16F7-4668-BE54-9A1E7A4F7556}") = "Net_Framework_The_final", "Net_Framework_The_final\Net_Framework_The_final.csproj", "{7603BD5F-3383-42D1-9974-860300305546}"
EndProject
Global
	GlobalSection(SolutionConfigurationPlatforms) = preSolution
		Debug|Any CPU = Debug|Any CPU
		Release|Any CPU = Release|Any CPU
	EndGlobalSection
	GlobalSection(ProjectConfigurationPlatforms) = postSolution
		{7603BD5F-3383-42D1-9974-860300305546}.Debug|Any CPU.ActiveCfg = Debug|Any CPU
		{7603BD5F-3383-42D1-9974-860300305546}.Debug|Any CPU.Build.0 = Debug|Any CPU
		{7603BD5F-3383-42D1-9974-860300305546}.Release|Any CPU.ActiveCfg = Release|Any CPU
		{7603BD5F-3383-42D1-9974-860300305546}.Release|Any CPU.Build.0 = Release|Any CPU
	EndGlobalSection
	GlobalSection(SolutionProperties) = preSolution
		HideSolutionNode = FALSE
	EndGlobalSection
	GlobalSection(ExtensibilityGlobals) = postSolution
		SolutionGuid = {11C24F26-AA6C-4BCC-9BDB-FB250B87AFBD}
	EndGlobalSection
EndGlobal
